
Microsoft Visual Studio Solution File, Format Version 12.00
# Visual Studio Version 16
VisualStudioVersion = 16.0.29926.136
MinimumVisualStudioVersion = 10.0.40219.1
Project("{FAE04EC0-301F-11D3-BF4B-00C04F79EFBC}") = "Zadanie15_Rezystory", "Zadanie15_Rezystory\Zadanie15_Rezystory.csproj", "{243612FD-21BF-4961-B279-8D2527658DC1}"
EndProject
Global
	GlobalSection(SolutionConfigurationPlatforms) = preSolution
		Debug|Any CPU = Debug|Any CPU
		Release|Any CPU = Release|Any CPU
	EndGlobalSection
	GlobalSection(ProjectConfigurationPlatforms) = postSolution
		{243612FD-21BF-4961-B279-8D2527658DC1}.Debug|Any CPU.ActiveCfg = Debug|Any CPU
		{243612FD-21BF-4961-B279-8D2527658DC1}.Debug|Any CPU.Build.0 = Debug|Any CPU
		{243612FD-21BF-4961-B279-8D2527658DC1}.Release|Any CPU.ActiveCfg = Release|Any CPU
		{243612FD-21BF-4961-B279-8D2527658DC1}.Release|Any CPU.Build.0 = Release|Any CPU
	EndGlobalSection
	GlobalSection(SolutionProperties) = preSolution
		HideSolutionNode = FALSE
	EndGlobalSection
	GlobalSection(ExtensibilityGlobals) = postSolution
		SolutionGuid = {B4B6E267-3AD3-4473-AD83-5581F48A1094}
	EndGlobalSection
EndGlobal
